
Microsoft Visual Studio Solution File, Format Version 12.00
# Visual Studio Version 16
VisualStudioVersion = 16.0.29509.3
MinimumVisualStudioVersion = 10.0.40219.1
Project("{8BC9CEB8-8B4A-11D0-8D11-00A0C91BC942}") = "git_refactoring", "git_refactoring\git_refactoring.vcxproj", "{97C3998E-1FF9-438B-A301-BAE920BEA700}"
EndProject
Global
	GlobalSection(SolutionConfigurationPlatforms) = preSolution
		Debug|x64 = Debug|x64
		Debug|x86 = Debug|x86
		Release|x64 = Release|x64
		Release|x86 = Release|x86
	EndGlobalSection
	GlobalSection(ProjectConfigurationPlatforms) = postSolution
		{97C3998E-1FF9-438B-A301-BAE920BEA700}.Debug|x64.ActiveCfg = Debug|x64
		{97C3998E-1FF9-438B-A301-BAE920BEA700}.Debug|x64.Build.0 = Debug|x64
		{97C3998E-1FF9-438B-A301-BAE920BEA700}.Debug|x86.ActiveCfg = Debug|Win32
		{97C3998E-1FF9-438B-A301-BAE920BEA700}.Debug|x86.Build.0 = Debug|Win32
		{97C3998E-1FF9-438B-A301-BAE920BEA700}.Release|x64.ActiveCfg = Release|x64
		{97C3998E-1FF9-438B-A301-BAE920BEA700}.Release|x64.Build.0 = Release|x64
		{97C3998E-1FF9-438B-A301-BAE920BEA700}.Release|x86.ActiveCfg = Release|Win32
		{97C3998E-1FF9-438B-A301-BAE920BEA700}.Release|x86.Build.0 = Release|Win32
	EndGlobalSection
	GlobalSection(SolutionProperties) = preSolution
		HideSolutionNode = FALSE
	EndGlobalSection
	GlobalSection(ExtensibilityGlobals) = postSolution
		SolutionGuid = {4560770E-BAEF-4C5F-8CA4-12DD2EF6CDC2}
	EndGlobalSection
EndGlobal
